
Microsoft Visual Studio Solution File, Format Version 12.00
# Visual Studio Version 17
VisualStudioVersion = 17.3.32825.248
MinimumVisualStudioVersion = 10.0.40219.1
Project("{FAE04EC0-301F-11D3-BF4B-00C04F79EFBC}") = "lab 9", "lab 9\lab 9.csproj", "{698DAD4E-2609-4552-9928-7BD86232C353}"
EndProject
Global
	GlobalSection(SolutionConfigurationPlatforms) = preSolution
		Debug|Any CPU = Debug|Any CPU
		Release|Any CPU = Release|Any CPU
	EndGlobalSection
	GlobalSection(ProjectConfigurationPlatforms) = postSolution
		{698DAD4E-2609-4552-9928-7BD86232C353}.Debug|Any CPU.ActiveCfg = Debug|Any CPU
		{698DAD4E-2609-4552-9928-7BD86232C353}.Debug|Any CPU.Build.0 = Debug|Any CPU
		{698DAD4E-2609-4552-9928-7BD86232C353}.Release|Any CPU.ActiveCfg = Release|Any CPU
		{698DAD4E-2609-4552-9928-7BD86232C353}.Release|Any CPU.Build.0 = Release|Any CPU
	EndGlobalSection
	GlobalSection(SolutionProperties) = preSolution
		HideSolutionNode = FALSE
	EndGlobalSection
	GlobalSection(ExtensibilityGlobals) = postSolution
		SolutionGuid = {A0358618-558D-411F-9F10-A44E7018FAAE}
	EndGlobalSection
EndGlobal
